{
  "nodes": {
    "mozjpeg": {
      "flake": false,
      "locked": {
        "lastModified": 1499684294,
        "narHash": "sha256-frpQdkk7bJE5qbV70fdL1FsC4eI0Fm8FWshqBQxCRtk=",
        "owner": "mozilla",
        "repo": "mozjpeg",
        "rev": "f154ccc091cbc22141cdfd531e5ad1fdc5bc53c7",
        "type": "github"
      },
      "original": {
        "owner": "mozilla",
        "ref": "v3.3.1",
        "repo": "mozjpeg",
        "type": "github"
      }
    },
    "nixpkgs": {
      "locked": {
        "lastModified": 1717179513,
        "narHash": "sha256-vboIEwIQojofItm2xGCdZCzW96U85l9nDW3ifMuAIdM=",
        "owner": "nixos",
        "repo": "nixpkgs",
        "rev": "63dacb46bf939521bdc93981b4cbb7ecb58427a0",
        "type": "github"
      },
      "original": {
        "owner": "nixos",
        "ref": "24.05",
        "repo": "nixpkgs",
        "type": "github"
      }
    },
    "root": {
      "inputs": {
        "mozjpeg": "mozjpeg",
        "nixpkgs": "nixpkgs"
      }
    }
  },
  "root": "root",
  "version": 7
}
